// !$*UTF8*$!
{
	archiveVersion = 1;
	classes = {
	};
	objectVersion = 56;
	objects = {

/* Begin PBXBuildFile section */
		213E85DF00AD49B724A678C5 /* Pods_FoodOrderingShop.framework in Frameworks */ = {isa = PBXBuildFile; fileRef = 7B47E6AA773D5DE07D89B364 /* Pods_FoodOrderingShop.framework */; };
		E438D24D2A55704100D96754 /* DetailFoodCategoryViewController.swift in Sources */ = {isa = PBXBuildFile; fileRef = E438D24C2A55704100D96754 /* DetailFoodCategoryViewController.swift */; };
		E438D24F2A55705700D96754 /* DetailFoodCategoryPresenter.swift in Sources */ = {isa = PBXBuildFile; fileRef = E438D24E2A55705700D96754 /* DetailFoodCategoryPresenter.swift */; };
		E438D2512A55802D00D96754 /* MenuModel.swift in Sources */ = {isa = PBXBuildFile; fileRef = E438D2502A55802D00D96754 /* MenuModel.swift */; };
		E438D2532A55B31A00D96754 /* LoadingView.swift in Sources */ = {isa = PBXBuildFile; fileRef = E438D2522A55B31A00D96754 /* LoadingView.swift */; };
		E445DF9B2A5B2B52002A2B3A /* TopDetailFoodCategoryView.swift in Sources */ = {isa = PBXBuildFile; fileRef = E445DF9A2A5B2B52002A2B3A /* TopDetailFoodCategoryView.swift */; };
		E445DF9D2A5B39C1002A2B3A /* UILabel+.swift in Sources */ = {isa = PBXBuildFile; fileRef = E445DF9C2A5B39C1002A2B3A /* UILabel+.swift */; };
		E445DFA02A5ECB70002A2B3A /* DetailFoodCategoryRouter.swift in Sources */ = {isa = PBXBuildFile; fileRef = E445DF9F2A5ECB70002A2B3A /* DetailFoodCategoryRouter.swift */; };
		E445DFB02A60483D002A2B3A /* DetailDishPresenter.swift in Sources */ = {isa = PBXBuildFile; fileRef = E445DFAD2A60483D002A2B3A /* DetailDishPresenter.swift */; };
		E445DFB12A60483D002A2B3A /* DetailDishViewController.swift in Sources */ = {isa = PBXBuildFile; fileRef = E445DFAF2A60483D002A2B3A /* DetailDishViewController.swift */; };
		E445DFB32A605D63002A2B3A /* DetailDishRouter.swift in Sources */ = {isa = PBXBuildFile; fileRef = E445DFB22A605D63002A2B3A /* DetailDishRouter.swift */; };
		E445DFB82A61545F002A2B3A /* DishView.swift in Sources */ = {isa = PBXBuildFile; fileRef = E445DFB72A61545F002A2B3A /* DishView.swift */; };
		E445DFBA2A61565D002A2B3A /* UIButton+.swift in Sources */ = {isa = PBXBuildFile; fileRef = E445DFB92A61565D002A2B3A /* UIButton+.swift */; };
		E46407A02A6BFB4E0019296F /* Localizable.strings in Resources */ = {isa = PBXBuildFile; fileRef = E464079F2A6BFB4E0019296F /* Localizable.strings */; };
		E46407A32A6C536F0019296F /* Strings.swift in Sources */ = {isa = PBXBuildFile; fileRef = E46407A22A6C536F0019296F /* Strings.swift */; };
		E46407A72A6D5BAA0019296F /* Colors.swift in Sources */ = {isa = PBXBuildFile; fileRef = E46407A62A6D5BAA0019296F /* Colors.swift */; };
		E46407A92A6D66A10019296F /* Assets.swift in Sources */ = {isa = PBXBuildFile; fileRef = E46407A82A6D66A10019296F /* Assets.swift */; };
		E46407AE2A6ED77B0019296F /* TabBarPresenter.swift in Sources */ = {isa = PBXBuildFile; fileRef = E46407AD2A6ED77B0019296F /* TabBarPresenter.swift */; };
		E46407B12A6EDF0C0019296F /* TabBarRouter.swift in Sources */ = {isa = PBXBuildFile; fileRef = E46407B02A6EDF0C0019296F /* TabBarRouter.swift */; };
		E484829B2A728EC800681F30 /* TagGenerator.swift in Sources */ = {isa = PBXBuildFile; fileRef = E484829A2A728EC800681F30 /* TagGenerator.swift */; };
		E484829E2A72BBB900681F30 /* Configurable.swift in Sources */ = {isa = PBXBuildFile; fileRef = E484829D2A72BBB900681F30 /* Configurable.swift */; };
		E48482A32A72C31400681F30 /* FoodCategoryMapper.swift in Sources */ = {isa = PBXBuildFile; fileRef = E48482A22A72C31400681F30 /* FoodCategoryMapper.swift */; };
		E48482A52A72C37300681F30 /* Mappable.swift in Sources */ = {isa = PBXBuildFile; fileRef = E48482A42A72C37300681F30 /* Mappable.swift */; };
		E48482A72A72CDB700681F30 /* DishTagMapper.swift in Sources */ = {isa = PBXBuildFile; fileRef = E48482A62A72CDB700681F30 /* DishTagMapper.swift */; };
		E48482AA2A72CED300681F30 /* DishMapper.swift in Sources */ = {isa = PBXBuildFile; fileRef = E48482A92A72CED300681F30 /* DishMapper.swift */; };
		E48482AC2A72CF6600681F30 /* SelectedDishMapper.swift in Sources */ = {isa = PBXBuildFile; fileRef = E48482AB2A72CF6600681F30 /* SelectedDishMapper.swift */; };
		E48482BC2A73C3E000681F30 /* TabModel.swift in Sources */ = {isa = PBXBuildFile; fileRef = E48482BB2A73C3E000681F30 /* TabModel.swift */; };
		E4A8BFDF2A548AF700D176E9 /* ErrorView.swift in Sources */ = {isa = PBXBuildFile; fileRef = E4A8BFDE2A548AF700D176E9 /* ErrorView.swift */; };
		E4C3151A2A51699D007949FE /* AppDelegate.swift in Sources */ = {isa = PBXBuildFile; fileRef = E4C315192A51699D007949FE /* AppDelegate.swift */; };
		E4C3151C2A51699D007949FE /* SceneDelegate.swift in Sources */ = {isa = PBXBuildFile; fileRef = E4C3151B2A51699D007949FE /* SceneDelegate.swift */; };
		E4C3151E2A51699D007949FE /* MainViewController.swift in Sources */ = {isa = PBXBuildFile; fileRef = E4C3151D2A51699D007949FE /* MainViewController.swift */; };
		E4C315232A51699E007949FE /* Assets.xcassets in Resources */ = {isa = PBXBuildFile; fileRef = E4C315222A51699E007949FE /* Assets.xcassets */; };
		E4C315262A51699E007949FE /* LaunchScreen.storyboard in Resources */ = {isa = PBXBuildFile; fileRef = E4C315242A51699E007949FE /* LaunchScreen.storyboard */; };
		E4C315442A518A88007949FE /* TabBarController.swift in Sources */ = {isa = PBXBuildFile; fileRef = E4C315432A518A88007949FE /* TabBarController.swift */; };
		E4C315462A518B00007949FE /* AppConstants.swift in Sources */ = {isa = PBXBuildFile; fileRef = E4C315452A518AFF007949FE /* AppConstants.swift */; };
		E4C3154A2A518BC1007949FE /* UIColor+.swift in Sources */ = {isa = PBXBuildFile; fileRef = E4C315492A518BC1007949FE /* UIColor+.swift */; };
		E4C3154C2A51B794007949FE /* SearchViewController.swift in Sources */ = {isa = PBXBuildFile; fileRef = E4C3154B2A51B794007949FE /* SearchViewController.swift */; };
		E4C3154E2A51B7C8007949FE /* BasketViewController.swift in Sources */ = {isa = PBXBuildFile; fileRef = E4C3154D2A51B7C8007949FE /* BasketViewController.swift */; };
		E4C315502A51B7FF007949FE /* AccountViewController.swift in Sources */ = {isa = PBXBuildFile; fileRef = E4C3154F2A51B7FF007949FE /* AccountViewController.swift */; };
		E4C315532A51CE89007949FE /* TopMainView.swift in Sources */ = {isa = PBXBuildFile; fileRef = E4C315522A51CE89007949FE /* TopMainView.swift */; };
		E4C315552A51F9FC007949FE /* MainPresenter.swift in Sources */ = {isa = PBXBuildFile; fileRef = E4C315542A51F9FC007949FE /* MainPresenter.swift */; };
		E4C315572A51FEDD007949FE /* FoodCategoriesModel.swift in Sources */ = {isa = PBXBuildFile; fileRef = E4C315562A51FEDD007949FE /* FoodCategoriesModel.swift */; };
		E4C315592A51FF2C007949FE /* NetworkManager.swift in Sources */ = {isa = PBXBuildFile; fileRef = E4C315582A51FF2C007949FE /* NetworkManager.swift */; };
		E4C3155B2A51FF47007949FE /* LocationManager.swift in Sources */ = {isa = PBXBuildFile; fileRef = E4C3155A2A51FF47007949FE /* LocationManager.swift */; };
		E4C3155D2A520AEB007949FE /* Error+.swift in Sources */ = {isa = PBXBuildFile; fileRef = E4C3155C2A520AEB007949FE /* Error+.swift */; };
		E4C3155F2A52E597007949FE /* Assembly.swift in Sources */ = {isa = PBXBuildFile; fileRef = E4C3155E2A52E597007949FE /* Assembly.swift */; };
		E4C315612A52EB70007949FE /* MainTableViewCell.swift in Sources */ = {isa = PBXBuildFile; fileRef = E4C315602A52EB70007949FE /* MainTableViewCell.swift */; };
		E4E4BD262A82DBC80002B202 /* TagModel.swift in Sources */ = {isa = PBXBuildFile; fileRef = E4E4BD252A82DBC80002B202 /* TagModel.swift */; };
		E4FAF02A2A56F1F000EB963E /* DishTagCollectionViewCell.swift in Sources */ = {isa = PBXBuildFile; fileRef = E4FAF0292A56F1F000EB963E /* DishTagCollectionViewCell.swift */; };
		E4FAF02C2A56FE5C00EB963E /* DishCollectionViewCell.swift in Sources */ = {isa = PBXBuildFile; fileRef = E4FAF02B2A56FE5C00EB963E /* DishCollectionViewCell.swift */; };
		E4FAF02F2A580CE000EB963E /* MainRouter.swift in Sources */ = {isa = PBXBuildFile; fileRef = E4FAF02E2A580CE000EB963E /* MainRouter.swift */; };
/* End PBXBuildFile section */

/* Begin PBXFileReference section */
		227C974E221ED2776D44764A /* Pods-FoodOrderingShop.release.xcconfig */ = {isa = PBXFileReference; includeInIndex = 1; lastKnownFileType = text.xcconfig; name = "Pods-FoodOrderingShop.release.xcconfig"; path = "Target Support Files/Pods-FoodOrderingShop/Pods-FoodOrderingShop.release.xcconfig"; sourceTree = "<group>"; };
		48338A898106C59AEC135003 /* Pods-FoodOrderingShop.debug.xcconfig */ = {isa = PBXFileReference; includeInIndex = 1; lastKnownFileType = text.xcconfig; name = "Pods-FoodOrderingShop.debug.xcconfig"; path = "Target Support Files/Pods-FoodOrderingShop/Pods-FoodOrderingShop.debug.xcconfig"; sourceTree = "<group>"; };
		7B47E6AA773D5DE07D89B364 /* Pods_FoodOrderingShop.framework */ = {isa = PBXFileReference; explicitFileType = wrapper.framework; includeInIndex = 0; path = Pods_FoodOrderingShop.framework; sourceTree = BUILT_PRODUCTS_DIR; };
		E438D24C2A55704100D96754 /* DetailFoodCategoryViewController.swift */ = {isa = PBXFileReference; lastKnownFileType = sourcecode.swift; path = DetailFoodCategoryViewController.swift; sourceTree = "<group>"; };
		E438D24E2A55705700D96754 /* DetailFoodCategoryPresenter.swift */ = {isa = PBXFileReference; lastKnownFileType = sourcecode.swift; path = DetailFoodCategoryPresenter.swift; sourceTree = "<group>"; };
		E438D2502A55802D00D96754 /* MenuModel.swift */ = {isa = PBXFileReference; lastKnownFileType = sourcecode.swift; path = MenuModel.swift; sourceTree = "<group>"; };
		E438D2522A55B31A00D96754 /* LoadingView.swift */ = {isa = PBXFileReference; lastKnownFileType = sourcecode.swift; path = LoadingView.swift; sourceTree = "<group>"; };
		E445DF9A2A5B2B52002A2B3A /* TopDetailFoodCategoryView.swift */ = {isa = PBXFileReference; lastKnownFileType = sourcecode.swift; path = TopDetailFoodCategoryView.swift; sourceTree = "<group>"; };
		E445DF9C2A5B39C1002A2B3A /* UILabel+.swift */ = {isa = PBXFileReference; lastKnownFileType = sourcecode.swift; path = "UILabel+.swift"; sourceTree = "<group>"; };
		E445DF9F2A5ECB70002A2B3A /* DetailFoodCategoryRouter.swift */ = {isa = PBXFileReference; lastKnownFileType = sourcecode.swift; path = DetailFoodCategoryRouter.swift; sourceTree = "<group>"; };
		E445DFAD2A60483D002A2B3A /* DetailDishPresenter.swift */ = {isa = PBXFileReference; fileEncoding = 4; lastKnownFileType = sourcecode.swift; path = DetailDishPresenter.swift; sourceTree = "<group>"; };
		E445DFAF2A60483D002A2B3A /* DetailDishViewController.swift */ = {isa = PBXFileReference; fileEncoding = 4; lastKnownFileType = sourcecode.swift; path = DetailDishViewController.swift; sourceTree = "<group>"; };
		E445DFB22A605D63002A2B3A /* DetailDishRouter.swift */ = {isa = PBXFileReference; lastKnownFileType = sourcecode.swift; path = DetailDishRouter.swift; sourceTree = "<group>"; };
		E445DFB72A61545F002A2B3A /* DishView.swift */ = {isa = PBXFileReference; lastKnownFileType = sourcecode.swift; path = DishView.swift; sourceTree = "<group>"; };
		E445DFB92A61565D002A2B3A /* UIButton+.swift */ = {isa = PBXFileReference; lastKnownFileType = sourcecode.swift; path = "UIButton+.swift"; sourceTree = "<group>"; };
		E464079F2A6BFB4E0019296F /* Localizable.strings */ = {isa = PBXFileReference; lastKnownFileType = text.plist.strings; path = Localizable.strings; sourceTree = "<group>"; };
		E46407A22A6C536F0019296F /* Strings.swift */ = {isa = PBXFileReference; fileEncoding = 4; lastKnownFileType = sourcecode.swift; path = Strings.swift; sourceTree = "<group>"; };
		E46407A62A6D5BAA0019296F /* Colors.swift */ = {isa = PBXFileReference; fileEncoding = 4; lastKnownFileType = sourcecode.swift; path = Colors.swift; sourceTree = "<group>"; };
		E46407A82A6D66A10019296F /* Assets.swift */ = {isa = PBXFileReference; fileEncoding = 4; lastKnownFileType = sourcecode.swift; path = Assets.swift; sourceTree = "<group>"; };
		E46407AD2A6ED77B0019296F /* TabBarPresenter.swift */ = {isa = PBXFileReference; lastKnownFileType = sourcecode.swift; path = TabBarPresenter.swift; sourceTree = "<group>"; };
		E46407B02A6EDF0C0019296F /* TabBarRouter.swift */ = {isa = PBXFileReference; lastKnownFileType = sourcecode.swift; path = TabBarRouter.swift; sourceTree = "<group>"; };
		E484829A2A728EC800681F30 /* TagGenerator.swift */ = {isa = PBXFileReference; lastKnownFileType = sourcecode.swift; path = TagGenerator.swift; sourceTree = "<group>"; };
		E484829D2A72BBB900681F30 /* Configurable.swift */ = {isa = PBXFileReference; lastKnownFileType = sourcecode.swift; path = Configurable.swift; sourceTree = "<group>"; };
		E48482A22A72C31400681F30 /* FoodCategoryMapper.swift */ = {isa = PBXFileReference; lastKnownFileType = sourcecode.swift; path = FoodCategoryMapper.swift; sourceTree = "<group>"; };
		E48482A42A72C37300681F30 /* Mappable.swift */ = {isa = PBXFileReference; lastKnownFileType = sourcecode.swift; path = Mappable.swift; sourceTree = "<group>"; };
		E48482A62A72CDB700681F30 /* DishTagMapper.swift */ = {isa = PBXFileReference; lastKnownFileType = sourcecode.swift; path = DishTagMapper.swift; sourceTree = "<group>"; };
		E48482A92A72CED300681F30 /* DishMapper.swift */ = {isa = PBXFileReference; lastKnownFileType = sourcecode.swift; path = DishMapper.swift; sourceTree = "<group>"; };
		E48482AB2A72CF6600681F30 /* SelectedDishMapper.swift */ = {isa = PBXFileReference; lastKnownFileType = sourcecode.swift; path = SelectedDishMapper.swift; sourceTree = "<group>"; };
		E48482BB2A73C3E000681F30 /* TabModel.swift */ = {isa = PBXFileReference; lastKnownFileType = sourcecode.swift; name = TabModel.swift; path = FoodOrderingShop/PresentationLayer/Root/TabBarModule/TabModel.swift; sourceTree = SOURCE_ROOT; };
		E4A8BFDE2A548AF700D176E9 /* ErrorView.swift */ = {isa = PBXFileReference; lastKnownFileType = sourcecode.swift; path = ErrorView.swift; sourceTree = "<group>"; };
		E4C315162A51699D007949FE /* FoodOrderingShop.app */ = {isa = PBXFileReference; explicitFileType = wrapper.application; includeInIndex = 0; path = FoodOrderingShop.app; sourceTree = BUILT_PRODUCTS_DIR; };
		E4C315192A51699D007949FE /* AppDelegate.swift */ = {isa = PBXFileReference; lastKnownFileType = sourcecode.swift; path = AppDelegate.swift; sourceTree = "<group>"; };
		E4C3151B2A51699D007949FE /* SceneDelegate.swift */ = {isa = PBXFileReference; lastKnownFileType = sourcecode.swift; path = SceneDelegate.swift; sourceTree = "<group>"; };
		E4C3151D2A51699D007949FE /* MainViewController.swift */ = {isa = PBXFileReference; lastKnownFileType = sourcecode.swift; path = MainViewController.swift; sourceTree = "<group>"; };
		E4C315222A51699E007949FE /* Assets.xcassets */ = {isa = PBXFileReference; lastKnownFileType = folder.assetcatalog; path = Assets.xcassets; sourceTree = "<group>"; };
		E4C315252A51699E007949FE /* Base */ = {isa = PBXFileReference; lastKnownFileType = file.storyboard; name = Base; path = Base.lproj/LaunchScreen.storyboard; sourceTree = "<group>"; };
		E4C315272A51699E007949FE /* Info.plist */ = {isa = PBXFileReference; lastKnownFileType = text.plist.xml; path = Info.plist; sourceTree = "<group>"; };
		E4C315432A518A88007949FE /* TabBarController.swift */ = {isa = PBXFileReference; lastKnownFileType = sourcecode.swift; path = TabBarController.swift; sourceTree = "<group>"; };
		E4C315452A518AFF007949FE /* AppConstants.swift */ = {isa = PBXFileReference; lastKnownFileType = sourcecode.swift; path = AppConstants.swift; sourceTree = "<group>"; };
		E4C315492A518BC1007949FE /* UIColor+.swift */ = {isa = PBXFileReference; lastKnownFileType = sourcecode.swift; path = "UIColor+.swift"; sourceTree = "<group>"; };
		E4C3154B2A51B794007949FE /* SearchViewController.swift */ = {isa = PBXFileReference; lastKnownFileType = sourcecode.swift; path = SearchViewController.swift; sourceTree = "<group>"; };
		E4C3154D2A51B7C8007949FE /* BasketViewController.swift */ = {isa = PBXFileReference; lastKnownFileType = sourcecode.swift; path = BasketViewController.swift; sourceTree = "<group>"; };
		E4C3154F2A51B7FF007949FE /* AccountViewController.swift */ = {isa = PBXFileReference; lastKnownFileType = sourcecode.swift; path = AccountViewController.swift; sourceTree = "<group>"; };
		E4C315522A51CE89007949FE /* TopMainView.swift */ = {isa = PBXFileReference; lastKnownFileType = sourcecode.swift; path = TopMainView.swift; sourceTree = "<group>"; };
		E4C315542A51F9FC007949FE /* MainPresenter.swift */ = {isa = PBXFileReference; lastKnownFileType = sourcecode.swift; path = MainPresenter.swift; sourceTree = "<group>"; };
		E4C315562A51FEDD007949FE /* FoodCategoriesModel.swift */ = {isa = PBXFileReference; lastKnownFileType = sourcecode.swift; path = FoodCategoriesModel.swift; sourceTree = "<group>"; };
		E4C315582A51FF2C007949FE /* NetworkManager.swift */ = {isa = PBXFileReference; lastKnownFileType = sourcecode.swift; path = NetworkManager.swift; sourceTree = "<group>"; };
		E4C3155A2A51FF47007949FE /* LocationManager.swift */ = {isa = PBXFileReference; lastKnownFileType = sourcecode.swift; path = LocationManager.swift; sourceTree = "<group>"; };
		E4C3155C2A520AEB007949FE /* Error+.swift */ = {isa = PBXFileReference; lastKnownFileType = sourcecode.swift; path = "Error+.swift"; sourceTree = "<group>"; };
		E4C3155E2A52E597007949FE /* Assembly.swift */ = {isa = PBXFileReference; lastKnownFileType = sourcecode.swift; path = Assembly.swift; sourceTree = "<group>"; };
		E4C315602A52EB70007949FE /* MainTableViewCell.swift */ = {isa = PBXFileReference; lastKnownFileType = sourcecode.swift; path = MainTableViewCell.swift; sourceTree = "<group>"; };
		E4E4BD252A82DBC80002B202 /* TagModel.swift */ = {isa = PBXFileReference; lastKnownFileType = sourcecode.swift; path = TagModel.swift; sourceTree = "<group>"; };
		E4FAF0292A56F1F000EB963E /* DishTagCollectionViewCell.swift */ = {isa = PBXFileReference; lastKnownFileType = sourcecode.swift; path = DishTagCollectionViewCell.swift; sourceTree = "<group>"; };
		E4FAF02B2A56FE5C00EB963E /* DishCollectionViewCell.swift */ = {isa = PBXFileReference; lastKnownFileType = sourcecode.swift; path = DishCollectionViewCell.swift; sourceTree = "<group>"; };
		E4FAF02E2A580CE000EB963E /* MainRouter.swift */ = {isa = PBXFileReference; lastKnownFileType = sourcecode.swift; path = MainRouter.swift; sourceTree = "<group>"; };
/* End PBXFileReference section */

/* Begin PBXFrameworksBuildPhase section */
		E4C315132A51699D007949FE /* Frameworks */ = {
			isa = PBXFrameworksBuildPhase;
			buildActionMask = 2147483647;
			files = (
				213E85DF00AD49B724A678C5 /* Pods_FoodOrderingShop.framework in Frameworks */,
			);
			runOnlyForDeploymentPostprocessing = 0;
		};
/* End PBXFrameworksBuildPhase section */

/* Begin PBXGroup section */
		A77D03D4C9B98D2FC522D839 /* Frameworks */ = {
			isa = PBXGroup;
			children = (
				7B47E6AA773D5DE07D89B364 /* Pods_FoodOrderingShop.framework */,
			);
			name = Frameworks;
			sourceTree = "<group>";
		};
		AB56694BF5BF554E48013133 /* Pods */ = {
			isa = PBXGroup;
			children = (
				48338A898106C59AEC135003 /* Pods-FoodOrderingShop.debug.xcconfig */,
				227C974E221ED2776D44764A /* Pods-FoodOrderingShop.release.xcconfig */,
			);
			path = Pods;
			sourceTree = "<group>";
		};
		E438D2482A556FB200D96754 /* DetailFoodCategoryModule */ = {
			isa = PBXGroup;
			children = (
				E4E4BD242A82DBBD0002B202 /* Model */,
				E445DF9E2A5ECB5E002A2B3A /* Router */,
				E438D24A2A55700100D96754 /* View */,
				E438D24B2A55700800D96754 /* Presenter */,
				E48482A82A72CDC200681F30 /* Mappers */,
			);
			path = DetailFoodCategoryModule;
			sourceTree = "<group>";
		};
		E438D24A2A55700100D96754 /* View */ = {
			isa = PBXGroup;
			children = (
				E4FAF0282A56E65800EB963E /* ComponentsView */,
				E438D24C2A55704100D96754 /* DetailFoodCategoryViewController.swift */,
			);
			path = View;
			sourceTree = "<group>";
		};
		E438D24B2A55700800D96754 /* Presenter */ = {
			isa = PBXGroup;
			children = (
				E438D24E2A55705700D96754 /* DetailFoodCategoryPresenter.swift */,
			);
			path = Presenter;
			sourceTree = "<group>";
		};
		E445DF9E2A5ECB5E002A2B3A /* Router */ = {
			isa = PBXGroup;
			children = (
				E445DF9F2A5ECB70002A2B3A /* DetailFoodCategoryRouter.swift */,
			);
			path = Router;
			sourceTree = "<group>";
		};
		E445DFAB2A60483D002A2B3A /* DetailDishModule */ = {
			isa = PBXGroup;
			children = (
				E445DFB42A605D77002A2B3A /* Router */,
				E445DFAE2A60483D002A2B3A /* View */,
				E445DFAC2A60483D002A2B3A /* Presenter */,
				E48482AB2A72CF6600681F30 /* SelectedDishMapper.swift */,
			);
			name = DetailDishModule;
			path = FoodOrderingShop/PresentationLayer/Menu/DetailDishModule;
			sourceTree = SOURCE_ROOT;
		};
		E445DFAC2A60483D002A2B3A /* Presenter */ = {
			isa = PBXGroup;
			children = (
				E445DFAD2A60483D002A2B3A /* DetailDishPresenter.swift */,
			);
			path = Presenter;
			sourceTree = "<group>";
		};
		E445DFAE2A60483D002A2B3A /* View */ = {
			isa = PBXGroup;
			children = (
				E445DFB52A61540D002A2B3A /* ComponentsView */,
				E445DFAF2A60483D002A2B3A /* DetailDishViewController.swift */,
			);
			path = View;
			sourceTree = "<group>";
		};
		E445DFB42A605D77002A2B3A /* Router */ = {
			isa = PBXGroup;
			children = (
				E445DFB22A605D63002A2B3A /* DetailDishRouter.swift */,
			);
			path = Router;
			sourceTree = "<group>";
		};
		E445DFB52A61540D002A2B3A /* ComponentsView */ = {
			isa = PBXGroup;
			children = (
				E445DFB72A61545F002A2B3A /* DishView.swift */,
			);
			path = ComponentsView;
			sourceTree = "<group>";
		};
		E46407A12A6BFDC40019296F /* Generated */ = {
			isa = PBXGroup;
			children = (
				E46407A22A6C536F0019296F /* Strings.swift */,
				E46407A62A6D5BAA0019296F /* Colors.swift */,
				E46407A82A6D66A10019296F /* Assets.swift */,
			);
			path = Generated;
			sourceTree = "<group>";
		};
		E46407AA2A6ED7240019296F /* TabBarModule */ = {
			isa = PBXGroup;
			children = (
				E48482BA2A73C3D100681F30 /* Models */,
				E46407AF2A6EDEFF0019296F /* Router */,
				E46407AB2A6ED7510019296F /* View */,
				E46407AC2A6ED75B0019296F /* Presenter */,
			);
			path = TabBarModule;
			sourceTree = "<group>";
		};
		E46407AB2A6ED7510019296F /* View */ = {
			isa = PBXGroup;
			children = (
				E4C315432A518A88007949FE /* TabBarController.swift */,
			);
			path = View;
			sourceTree = "<group>";
		};
		E46407AC2A6ED75B0019296F /* Presenter */ = {
			isa = PBXGroup;
			children = (
				E46407AD2A6ED77B0019296F /* TabBarPresenter.swift */,
			);
			path = Presenter;
			sourceTree = "<group>";
		};
		E46407AF2A6EDEFF0019296F /* Router */ = {
			isa = PBXGroup;
			children = (
				E46407B02A6EDF0C0019296F /* TabBarRouter.swift */,
			);
			path = Router;
			sourceTree = "<group>";
		};
		E48482982A728E5A00681F30 /* Models */ = {
			isa = PBXGroup;
			children = (
				E4C315562A51FEDD007949FE /* FoodCategoriesModel.swift */,
				E438D2502A55802D00D96754 /* MenuModel.swift */,
			);
			path = Models;
			sourceTree = "<group>";
		};
		E484829C2A72BBA900681F30 /* Protocols */ = {
			isa = PBXGroup;
			children = (
				E484829D2A72BBB900681F30 /* Configurable.swift */,
				E48482A42A72C37300681F30 /* Mappable.swift */,
			);
			path = Protocols;
			sourceTree = "<group>";
		};
		E48482A82A72CDC200681F30 /* Mappers */ = {
			isa = PBXGroup;
			children = (
				E484829A2A728EC800681F30 /* TagGenerator.swift */,
				E48482A62A72CDB700681F30 /* DishTagMapper.swift */,
				E48482A92A72CED300681F30 /* DishMapper.swift */,
			);
			path = Mappers;
			sourceTree = "<group>";
		};
		E48482B32A73ADC700681F30 /* Root */ = {
			isa = PBXGroup;
			children = (
				E46407AA2A6ED7240019296F /* TabBarModule */,
			);
			path = Root;
			sourceTree = "<group>";
		};
		E48482B42A73ADDB00681F30 /* Menu */ = {
			isa = PBXGroup;
			children = (
				E4C3152F2A516BCB007949FE /* MainModule */,
				E438D2482A556FB200D96754 /* DetailFoodCategoryModule */,
				E445DFAB2A60483D002A2B3A /* DetailDishModule */,
			);
			path = Menu;
			sourceTree = "<group>";
		};
		E48482B52A73ADFD00681F30 /* Search */ = {
			isa = PBXGroup;
			children = (
				E4C315302A516BDD007949FE /* SearchModule */,
			);
			path = Search;
			sourceTree = "<group>";
		};
		E48482B62A73AE0900681F30 /* Basket */ = {
			isa = PBXGroup;
			children = (
				E4C315312A516C14007949FE /* BasketModule */,
			);
			path = Basket;
			sourceTree = "<group>";
		};
		E48482B72A73AE1700681F30 /* Account */ = {
			isa = PBXGroup;
			children = (
				E4C315322A516C35007949FE /* AccountModule */,
			);
			path = Account;
			sourceTree = "<group>";
		};
		E48482BA2A73C3D100681F30 /* Models */ = {
			isa = PBXGroup;
			children = (
				E48482BB2A73C3E000681F30 /* TabModel.swift */,
			);
			path = Models;
			sourceTree = "<group>";
		};
		E4C3150D2A51699D007949FE = {
			isa = PBXGroup;
			children = (
				E4C315182A51699D007949FE /* FoodOrderingShop */,
				E4C315172A51699D007949FE /* Products */,
				AB56694BF5BF554E48013133 /* Pods */,
				A77D03D4C9B98D2FC522D839 /* Frameworks */,
			);
			sourceTree = "<group>";
		};
		E4C315172A51699D007949FE /* Products */ = {
			isa = PBXGroup;
			children = (
				E4C315162A51699D007949FE /* FoodOrderingShop.app */,
			);
			name = Products;
			sourceTree = "<group>";
		};
		E4C315182A51699D007949FE /* FoodOrderingShop */ = {
			isa = PBXGroup;
			children = (
				E4C3152D2A516B70007949FE /* Application */,
				E4C315402A516D66007949FE /* AssemblyLayer */,
				E4C3152E2A516B86007949FE /* PresentationLayer */,
				E4C315332A516C5F007949FE /* ServiceLayer */,
				E4C315362A516C7C007949FE /* ModelLayer */,
				E4C315482A518B92007949FE /* Helpers */,
			);
			path = FoodOrderingShop;
			sourceTree = "<group>";
		};
		E4C3152D2A516B70007949FE /* Application */ = {
			isa = PBXGroup;
			children = (
				E4C315192A51699D007949FE /* AppDelegate.swift */,
				E4C3151B2A51699D007949FE /* SceneDelegate.swift */,
				E4C315422A516DC9007949FE /* Resources */,
				E4C315242A51699E007949FE /* LaunchScreen.storyboard */,
				E4C315272A51699E007949FE /* Info.plist */,
			);
			path = Application;
			sourceTree = "<group>";
		};
		E4C3152E2A516B86007949FE /* PresentationLayer */ = {
			isa = PBXGroup;
			children = (
				E48482B32A73ADC700681F30 /* Root */,
				E48482B42A73ADDB00681F30 /* Menu */,
				E48482B52A73ADFD00681F30 /* Search */,
				E48482B62A73AE0900681F30 /* Basket */,
				E48482B72A73AE1700681F30 /* Account */,
			);
			path = PresentationLayer;
			sourceTree = "<group>";
		};
		E4C3152F2A516BCB007949FE /* MainModule */ = {
			isa = PBXGroup;
			children = (
				E4FAF02D2A580CC600EB963E /* Router */,
				E4C315342A516C6E007949FE /* View */,
				E4C315352A516C75007949FE /* Presenter */,
				E48482A22A72C31400681F30 /* FoodCategoryMapper.swift */,
			);
			path = MainModule;
			sourceTree = "<group>";
		};
		E4C315302A516BDD007949FE /* SearchModule */ = {
			isa = PBXGroup;
			children = (
				E4C315392A516C8F007949FE /* View */,
			);
			path = SearchModule;
			sourceTree = "<group>";
		};
		E4C315312A516C14007949FE /* BasketModule */ = {
			isa = PBXGroup;
			children = (
				E4C3153D2A516C94007949FE /* View */,
				E4C3153E2A516C94007949FE /* Presenter */,
			);
			path = BasketModule;
			sourceTree = "<group>";
		};
		E4C315322A516C35007949FE /* AccountModule */ = {
			isa = PBXGroup;
			children = (
				E4C3153C2A516C92007949FE /* View */,
			);
			path = AccountModule;
			sourceTree = "<group>";
		};
		E4C315332A516C5F007949FE /* ServiceLayer */ = {
			isa = PBXGroup;
			children = (
				E4C315582A51FF2C007949FE /* NetworkManager.swift */,
				E4C3155A2A51FF47007949FE /* LocationManager.swift */,
			);
			path = ServiceLayer;
			sourceTree = "<group>";
		};
		E4C315342A516C6E007949FE /* View */ = {
			isa = PBXGroup;
			children = (
				E4C315512A51CE12007949FE /* ComponentsView */,
				E4C3151D2A51699D007949FE /* MainViewController.swift */,
			);
			path = View;
			sourceTree = "<group>";
		};
		E4C315352A516C75007949FE /* Presenter */ = {
			isa = PBXGroup;
			children = (
				E4C315542A51F9FC007949FE /* MainPresenter.swift */,
			);
			path = Presenter;
			sourceTree = "<group>";
		};
		E4C315362A516C7C007949FE /* ModelLayer */ = {
			isa = PBXGroup;
			children = (
				E48482982A728E5A00681F30 /* Models */,
			);
			path = ModelLayer;
			sourceTree = "<group>";
		};
		E4C315392A516C8F007949FE /* View */ = {
			isa = PBXGroup;
			children = (
				E4C3154B2A51B794007949FE /* SearchViewController.swift */,
			);
			path = View;
			sourceTree = "<group>";
		};
		E4C3153C2A516C92007949FE /* View */ = {
			isa = PBXGroup;
			children = (
				E4C3154F2A51B7FF007949FE /* AccountViewController.swift */,
			);
			path = View;
			sourceTree = "<group>";
		};
		E4C3153D2A516C94007949FE /* View */ = {
			isa = PBXGroup;
			children = (
				E4C3154D2A51B7C8007949FE /* BasketViewController.swift */,
			);
			path = View;
			sourceTree = "<group>";
		};
		E4C3153E2A516C94007949FE /* Presenter */ = {
			isa = PBXGroup;
			children = (
			);
			path = Presenter;
			sourceTree = "<group>";
		};
		E4C315402A516D66007949FE /* AssemblyLayer */ = {
			isa = PBXGroup;
			children = (
				E4C3155E2A52E597007949FE /* Assembly.swift */,
			);
			path = AssemblyLayer;
			sourceTree = "<group>";
		};
		E4C315422A516DC9007949FE /* Resources */ = {
			isa = PBXGroup;
			children = (
				E46407A12A6BFDC40019296F /* Generated */,
				E4C315222A51699E007949FE /* Assets.xcassets */,
				E464079F2A6BFB4E0019296F /* Localizable.strings */,
			);
			path = Resources;
			sourceTree = "<group>";
		};
		E4C315472A518B64007949FE /* Extensions */ = {
			isa = PBXGroup;
			children = (
				E4C315492A518BC1007949FE /* UIColor+.swift */,
				E4C3155C2A520AEB007949FE /* Error+.swift */,
				E445DF9C2A5B39C1002A2B3A /* UILabel+.swift */,
				E445DFB92A61565D002A2B3A /* UIButton+.swift */,
			);
			path = Extensions;
			sourceTree = "<group>";
		};
		E4C315482A518B92007949FE /* Helpers */ = {
			isa = PBXGroup;
			children = (
				E4C315452A518AFF007949FE /* AppConstants.swift */,
				E484829C2A72BBA900681F30 /* Protocols */,
				E4C315472A518B64007949FE /* Extensions */,
			);
			path = Helpers;
			sourceTree = "<group>";
		};
		E4C315512A51CE12007949FE /* ComponentsView */ = {
			isa = PBXGroup;
			children = (
				E4C315522A51CE89007949FE /* TopMainView.swift */,
				E438D2522A55B31A00D96754 /* LoadingView.swift */,
				E4A8BFDE2A548AF700D176E9 /* ErrorView.swift */,
				E4C315602A52EB70007949FE /* MainTableViewCell.swift */,
			);
			path = ComponentsView;
			sourceTree = "<group>";
		};
		E4E4BD242A82DBBD0002B202 /* Model */ = {
			isa = PBXGroup;
			children = (
				E4E4BD252A82DBC80002B202 /* TagModel.swift */,
			);
			path = Model;
			sourceTree = "<group>";
		};
		E4FAF0282A56E65800EB963E /* ComponentsView */ = {
			isa = PBXGroup;
			children = (
				E445DF9A2A5B2B52002A2B3A /* TopDetailFoodCategoryView.swift */,
				E4FAF0292A56F1F000EB963E /* DishTagCollectionViewCell.swift */,
				E4FAF02B2A56FE5C00EB963E /* DishCollectionViewCell.swift */,
			);
			path = ComponentsView;
			sourceTree = "<group>";
		};
		E4FAF02D2A580CC600EB963E /* Router */ = {
			isa = PBXGroup;
			children = (
				E4FAF02E2A580CE000EB963E /* MainRouter.swift */,
			);
			path = Router;
			sourceTree = "<group>";
		};
/* End PBXGroup section */

/* Begin PBXNativeTarget section */
		E4C315152A51699D007949FE /* FoodOrderingShop */ = {
			isa = PBXNativeTarget;
			buildConfigurationList = E4C3152A2A51699E007949FE /* Build configuration list for PBXNativeTarget "FoodOrderingShop" */;
			buildPhases = (
				176ECF7A2BD32644581145DB /* [CP] Check Pods Manifest.lock */,
				E4FAF0252A55EB6F00EB963E /* Run SwiftLint */,
				E464079D2A6BF6310019296F /* Run SwiftGen */,
				E4C315122A51699D007949FE /* Sources */,
				E4C315132A51699D007949FE /* Frameworks */,
				E4C315142A51699D007949FE /* Resources */,
				8E5CFEABF37ABE64B70F56BE /* [CP] Embed Pods Frameworks */,
			);
			buildRules = (
			);
			dependencies = (
			);
			name = FoodOrderingShop;
			productName = FoodOrderingShop;
			productReference = E4C315162A51699D007949FE /* FoodOrderingShop.app */;
			productType = "com.apple.product-type.application";
		};
/* End PBXNativeTarget section */

/* Begin PBXProject section */
		E4C3150E2A51699D007949FE /* Project object */ = {
			isa = PBXProject;
			attributes = {
				BuildIndependentTargetsInParallel = 1;
				LastSwiftUpdateCheck = 1430;
				LastUpgradeCheck = 1430;
				TargetAttributes = {
					E4C315152A51699D007949FE = {
						CreatedOnToolsVersion = 14.3.1;
					};
				};
			};
			buildConfigurationList = E4C315112A51699D007949FE /* Build configuration list for PBXProject "FoodOrderingShop" */;
			compatibilityVersion = "Xcode 14.0";
			developmentRegion = en;
			hasScannedForEncodings = 0;
			knownRegions = (
				en,
				Base,
			);
			mainGroup = E4C3150D2A51699D007949FE;
			productRefGroup = E4C315172A51699D007949FE /* Products */;
			projectDirPath = "";
			projectRoot = "";
			targets = (
				E4C315152A51699D007949FE /* FoodOrderingShop */,
			);
		};
/* End PBXProject section */

/* Begin PBXResourcesBuildPhase section */
		E4C315142A51699D007949FE /* Resources */ = {
			isa = PBXResourcesBuildPhase;
			buildActionMask = 2147483647;
			files = (
				E4C315262A51699E007949FE /* LaunchScreen.storyboard in Resources */,
				E46407A02A6BFB4E0019296F /* Localizable.strings in Resources */,
				E4C315232A51699E007949FE /* Assets.xcassets in Resources */,
			);
			runOnlyForDeploymentPostprocessing = 0;
		};
/* End PBXResourcesBuildPhase section */

/* Begin PBXShellScriptBuildPhase section */
		176ECF7A2BD32644581145DB /* [CP] Check Pods Manifest.lock */ = {
			isa = PBXShellScriptBuildPhase;
			buildActionMask = 2147483647;
			files = (
			);
			inputFileListPaths = (
			);
			inputPaths = (
				"${PODS_PODFILE_DIR_PATH}/Podfile.lock",
				"${PODS_ROOT}/Manifest.lock",
			);
			name = "[CP] Check Pods Manifest.lock";
			outputFileListPaths = (
			);
			outputPaths = (
				"$(DERIVED_FILE_DIR)/Pods-FoodOrderingShop-checkManifestLockResult.txt",
			);
			runOnlyForDeploymentPostprocessing = 0;
			shellPath = /bin/sh;
			shellScript = "diff \"${PODS_PODFILE_DIR_PATH}/Podfile.lock\" \"${PODS_ROOT}/Manifest.lock\" > /dev/null\nif [ $? != 0 ] ; then\n    # print error to STDERR\n    echo \"error: The sandbox is not in sync with the Podfile.lock. Run 'pod install' or update your CocoaPods installation.\" >&2\n    exit 1\nfi\n# This output is used by Xcode 'outputs' to avoid re-running this script phase.\necho \"SUCCESS\" > \"${SCRIPT_OUTPUT_FILE_0}\"\n";
			showEnvVarsInLog = 0;
		};
		8E5CFEABF37ABE64B70F56BE /* [CP] Embed Pods Frameworks */ = {
			isa = PBXShellScriptBuildPhase;
			buildActionMask = 2147483647;
			files = (
			);
			inputFileListPaths = (
				"${PODS_ROOT}/Target Support Files/Pods-FoodOrderingShop/Pods-FoodOrderingShop-frameworks-${CONFIGURATION}-input-files.xcfilelist",
			);
			name = "[CP] Embed Pods Frameworks";
			outputFileListPaths = (
				"${PODS_ROOT}/Target Support Files/Pods-FoodOrderingShop/Pods-FoodOrderingShop-frameworks-${CONFIGURATION}-output-files.xcfilelist",
			);
			runOnlyForDeploymentPostprocessing = 0;
			shellPath = /bin/sh;
			shellScript = "\"${PODS_ROOT}/Target Support Files/Pods-FoodOrderingShop/Pods-FoodOrderingShop-frameworks.sh\"\n";
			showEnvVarsInLog = 0;
		};
		E464079D2A6BF6310019296F /* Run SwiftGen */ = {
			isa = PBXShellScriptBuildPhase;
			alwaysOutOfDate = 1;
			buildActionMask = 2147483647;
			files = (
			);
			inputFileListPaths = (
			);
			inputPaths = (
			);
			name = "Run SwiftGen";
			outputFileListPaths = (
			);
			outputPaths = (
			);
			runOnlyForDeploymentPostprocessing = 0;
			shellPath = /bin/sh;
			shellScript = "\"$PODS_ROOT/SwiftGen/bin/swiftgen\"\n";
		};
		E4FAF0252A55EB6F00EB963E /* Run SwiftLint */ = {
			isa = PBXShellScriptBuildPhase;
			alwaysOutOfDate = 1;
			buildActionMask = 2147483647;
			files = (
			);
			inputFileListPaths = (
			);
			inputPaths = (
			);
			name = "Run SwiftLint";
			outputFileListPaths = (
			);
			outputPaths = (
			);
			runOnlyForDeploymentPostprocessing = 0;
			shellPath = /bin/sh;
			shellScript = "${PODS_ROOT}/SwiftLint/swiftlint\n";
		};
/* End PBXShellScriptBuildPhase section */

/* Begin PBXSourcesBuildPhase section */
		E4C315122A51699D007949FE /* Sources */ = {
			isa = PBXSourcesBuildPhase;
			buildActionMask = 2147483647;
			files = (
				E484829E2A72BBB900681F30 /* Configurable.swift in Sources */,
				E4C3151E2A51699D007949FE /* MainViewController.swift in Sources */,
				E438D2532A55B31A00D96754 /* LoadingView.swift in Sources */,
				E48482A32A72C31400681F30 /* FoodCategoryMapper.swift in Sources */,
				E46407A92A6D66A10019296F /* Assets.swift in Sources */,
				E445DFB12A60483D002A2B3A /* DetailDishViewController.swift in Sources */,
				E4E4BD262A82DBC80002B202 /* TagModel.swift in Sources */,
				E4FAF02C2A56FE5C00EB963E /* DishCollectionViewCell.swift in Sources */,
				E4C3155D2A520AEB007949FE /* Error+.swift in Sources */,
				E4C3154C2A51B794007949FE /* SearchViewController.swift in Sources */,
				E4FAF02F2A580CE000EB963E /* MainRouter.swift in Sources */,
				E438D2512A55802D00D96754 /* MenuModel.swift in Sources */,
				E4C3151A2A51699D007949FE /* AppDelegate.swift in Sources */,
				E438D24F2A55705700D96754 /* DetailFoodCategoryPresenter.swift in Sources */,
				E445DF9B2A5B2B52002A2B3A /* TopDetailFoodCategoryView.swift in Sources */,
				E4C315592A51FF2C007949FE /* NetworkManager.swift in Sources */,
				E4C315462A518B00007949FE /* AppConstants.swift in Sources */,
				E445DFB32A605D63002A2B3A /* DetailDishRouter.swift in Sources */,
				E445DFB82A61545F002A2B3A /* DishView.swift in Sources */,
				E46407AE2A6ED77B0019296F /* TabBarPresenter.swift in Sources */,
				E48482A52A72C37300681F30 /* Mappable.swift in Sources */,
				E4C315612A52EB70007949FE /* MainTableViewCell.swift in Sources */,
				E46407B12A6EDF0C0019296F /* TabBarRouter.swift in Sources */,
				E48482A72A72CDB700681F30 /* DishTagMapper.swift in Sources */,
				E4C315442A518A88007949FE /* TabBarController.swift in Sources */,
				E445DFA02A5ECB70002A2B3A /* DetailFoodCategoryRouter.swift in Sources */,
				E4C3151C2A51699D007949FE /* SceneDelegate.swift in Sources */,
				E48482AC2A72CF6600681F30 /* SelectedDishMapper.swift in Sources */,
				E4C3154E2A51B7C8007949FE /* BasketViewController.swift in Sources */,
				E445DFBA2A61565D002A2B3A /* UIButton+.swift in Sources */,
				E48482AA2A72CED300681F30 /* DishMapper.swift in Sources */,
				E4C3155F2A52E597007949FE /* Assembly.swift in Sources */,
				E445DF9D2A5B39C1002A2B3A /* UILabel+.swift in Sources */,
				E48482BC2A73C3E000681F30 /* TabModel.swift in Sources */,
				E4C3154A2A518BC1007949FE /* UIColor+.swift in Sources */,
				E4C315552A51F9FC007949FE /* MainPresenter.swift in Sources */,
				E46407A72A6D5BAA0019296F /* Colors.swift in Sources */,
				E4C3155B2A51FF47007949FE /* LocationManager.swift in Sources */,
				E46407A32A6C536F0019296F /* Strings.swift in Sources */,
				E484829B2A728EC800681F30 /* TagGenerator.swift in Sources */,
				E445DFB02A60483D002A2B3A /* DetailDishPresenter.swift in Sources */,
				E4A8BFDF2A548AF700D176E9 /* ErrorView.swift in Sources */,
				E4C315572A51FEDD007949FE /* FoodCategoriesModel.swift in Sources */,
				E438D24D2A55704100D96754 /* DetailFoodCategoryViewController.swift in Sources */,
				E4FAF02A2A56F1F000EB963E /* DishTagCollectionViewCell.swift in Sources */,
				E4C315502A51B7FF007949FE /* AccountViewController.swift in Sources */,
				E4C315532A51CE89007949FE /* TopMainView.swift in Sources */,
			);
			runOnlyForDeploymentPostprocessing = 0;
		};
/* End PBXSourcesBuildPhase section */

/* Begin PBXVariantGroup section */
		E4C315242A51699E007949FE /* LaunchScreen.storyboard */ = {
			isa = PBXVariantGroup;
			children = (
				E4C315252A51699E007949FE /* Base */,
			);
			name = LaunchScreen.storyboard;
			sourceTree = "<group>";
		};
/* End PBXVariantGroup section */

/* Begin XCBuildConfiguration section */
		E4C315282A51699E007949FE /* Debug */ = {
			isa = XCBuildConfiguration;
			buildSettings = {
				ALWAYS_SEARCH_USER_PATHS = NO;
				CLANG_ANALYZER_NONNULL = YES;
				CLANG_ANALYZER_NUMBER_OBJECT_CONVERSION = YES_AGGRESSIVE;
				CLANG_CXX_LANGUAGE_STANDARD = "gnu++20";
				CLANG_ENABLE_MODULES = YES;
				CLANG_ENABLE_OBJC_ARC = YES;
				CLANG_ENABLE_OBJC_WEAK = YES;
				CLANG_WARN_BLOCK_CAPTURE_AUTORELEASING = YES;
				CLANG_WARN_BOOL_CONVERSION = YES;
				CLANG_WARN_COMMA = YES;
				CLANG_WARN_CONSTANT_CONVERSION = YES;
				CLANG_WARN_DEPRECATED_OBJC_IMPLEMENTATIONS = YES;
				CLANG_WARN_DIRECT_OBJC_ISA_USAGE = YES_ERROR;
				CLANG_WARN_DOCUMENTATION_COMMENTS = YES;
				CLANG_WARN_EMPTY_BODY = YES;
				CLANG_WARN_ENUM_CONVERSION = YES;
				CLANG_WARN_INFINITE_RECURSION = YES;
				CLANG_WARN_INT_CONVERSION = YES;
				CLANG_WARN_NON_LITERAL_NULL_CONVERSION = YES;
				CLANG_WARN_OBJC_IMPLICIT_RETAIN_SELF = YES;
				CLANG_WARN_OBJC_LITERAL_CONVERSION = YES;
				CLANG_WARN_OBJC_ROOT_CLASS = YES_ERROR;
				CLANG_WARN_QUOTED_INCLUDE_IN_FRAMEWORK_HEADER = YES;
				CLANG_WARN_RANGE_LOOP_ANALYSIS = YES;
				CLANG_WARN_STRICT_PROTOTYPES = YES;
				CLANG_WARN_SUSPICIOUS_MOVE = YES;
				CLANG_WARN_UNGUARDED_AVAILABILITY = YES_AGGRESSIVE;
				CLANG_WARN_UNREACHABLE_CODE = YES;
				CLANG_WARN__DUPLICATE_METHOD_MATCH = YES;
				COPY_PHASE_STRIP = NO;
				DEBUG_INFORMATION_FORMAT = dwarf;
				ENABLE_STRICT_OBJC_MSGSEND = YES;
				ENABLE_TESTABILITY = YES;
				GCC_C_LANGUAGE_STANDARD = gnu11;
				GCC_DYNAMIC_NO_PIC = NO;
				GCC_NO_COMMON_BLOCKS = YES;
				GCC_OPTIMIZATION_LEVEL = 0;
				GCC_PREPROCESSOR_DEFINITIONS = (
					"DEBUG=1",
					"$(inherited)",
				);
				GCC_WARN_64_TO_32_BIT_CONVERSION = YES;
				GCC_WARN_ABOUT_RETURN_TYPE = YES_ERROR;
				GCC_WARN_UNDECLARED_SELECTOR = YES;
				GCC_WARN_UNINITIALIZED_AUTOS = YES_AGGRESSIVE;
				GCC_WARN_UNUSED_FUNCTION = YES;
				GCC_WARN_UNUSED_VARIABLE = YES;
				IPHONEOS_DEPLOYMENT_TARGET = 16.4;
				MTL_ENABLE_DEBUG_INFO = INCLUDE_SOURCE;
				MTL_FAST_MATH = YES;
				ONLY_ACTIVE_ARCH = YES;
				SDKROOT = iphoneos;
				SWIFT_ACTIVE_COMPILATION_CONDITIONS = DEBUG;
				SWIFT_OPTIMIZATION_LEVEL = "-Onone";
			};
			name = Debug;
		};
		E4C315292A51699E007949FE /* Release */ = {
			isa = XCBuildConfiguration;
			buildSettings = {
				ALWAYS_SEARCH_USER_PATHS = NO;
				CLANG_ANALYZER_NONNULL = YES;
				CLANG_ANALYZER_NUMBER_OBJECT_CONVERSION = YES_AGGRESSIVE;
				CLANG_CXX_LANGUAGE_STANDARD = "gnu++20";
				CLANG_ENABLE_MODULES = YES;
				CLANG_ENABLE_OBJC_ARC = YES;
				CLANG_ENABLE_OBJC_WEAK = YES;
				CLANG_WARN_BLOCK_CAPTURE_AUTORELEASING = YES;
				CLANG_WARN_BOOL_CONVERSION = YES;
				CLANG_WARN_COMMA = YES;
				CLANG_WARN_CONSTANT_CONVERSION = YES;
				CLANG_WARN_DEPRECATED_OBJC_IMPLEMENTATIONS = YES;
				CLANG_WARN_DIRECT_OBJC_ISA_USAGE = YES_ERROR;
				CLANG_WARN_DOCUMENTATION_COMMENTS = YES;
				CLANG_WARN_EMPTY_BODY = YES;
				CLANG_WARN_ENUM_CONVERSION = YES;
				CLANG_WARN_INFINITE_RECURSION = YES;
				CLANG_WARN_INT_CONVERSION = YES;
				CLANG_WARN_NON_LITERAL_NULL_CONVERSION = YES;
				CLANG_WARN_OBJC_IMPLICIT_RETAIN_SELF = YES;
				CLANG_WARN_OBJC_LITERAL_CONVERSION = YES;
				CLANG_WARN_OBJC_ROOT_CLASS = YES_ERROR;
				CLANG_WARN_QUOTED_INCLUDE_IN_FRAMEWORK_HEADER = YES;
				CLANG_WARN_RANGE_LOOP_ANALYSIS = YES;
				CLANG_WARN_STRICT_PROTOTYPES = YES;
				CLANG_WARN_SUSPICIOUS_MOVE = YES;
				CLANG_WARN_UNGUARDED_AVAILABILITY = YES_AGGRESSIVE;
				CLANG_WARN_UNREACHABLE_CODE = YES;
				CLANG_WARN__DUPLICATE_METHOD_MATCH = YES;
				COPY_PHASE_STRIP = NO;
				DEBUG_INFORMATION_FORMAT = "dwarf-with-dsym";
				ENABLE_NS_ASSERTIONS = NO;
				ENABLE_STRICT_OBJC_MSGSEND = YES;
				GCC_C_LANGUAGE_STANDARD = gnu11;
				GCC_NO_COMMON_BLOCKS = YES;
				GCC_WARN_64_TO_32_BIT_CONVERSION = YES;
				GCC_WARN_ABOUT_RETURN_TYPE = YES_ERROR;
				GCC_WARN_UNDECLARED_SELECTOR = YES;
				GCC_WARN_UNINITIALIZED_AUTOS = YES_AGGRESSIVE;
				GCC_WARN_UNUSED_FUNCTION = YES;
				GCC_WARN_UNUSED_VARIABLE = YES;
				IPHONEOS_DEPLOYMENT_TARGET = 16.4;
				MTL_ENABLE_DEBUG_INFO = NO;
				MTL_FAST_MATH = YES;
				SDKROOT = iphoneos;
				SWIFT_COMPILATION_MODE = wholemodule;
				SWIFT_OPTIMIZATION_LEVEL = "-O";
				VALIDATE_PRODUCT = YES;
			};
			name = Release;
		};
		E4C3152B2A51699E007949FE /* Debug */ = {
			isa = XCBuildConfiguration;
			baseConfigurationReference = 48338A898106C59AEC135003 /* Pods-FoodOrderingShop.debug.xcconfig */;
			buildSettings = {
				ASSETCATALOG_COMPILER_APPICON_NAME = AppIcon;
				ASSETCATALOG_COMPILER_GLOBAL_ACCENT_COLOR_NAME = AccentColor;
				CODE_SIGN_STYLE = Automatic;
				CURRENT_PROJECT_VERSION = 1;
				DEVELOPMENT_TEAM = MV29L5KM63;
				GENERATE_INFOPLIST_FILE = YES;
				INFOPLIST_FILE = FoodOrderingShop/Application/Info.plist;
				INFOPLIST_KEY_UIApplicationSupportsIndirectInputEvents = YES;
				INFOPLIST_KEY_UILaunchStoryboardName = LaunchScreen;
				INFOPLIST_KEY_UISupportedInterfaceOrientations = UIInterfaceOrientationPortrait;
				IPHONEOS_DEPLOYMENT_TARGET = 15.0;
				LD_RUNPATH_SEARCH_PATHS = (
					"$(inherited)",
					"@executable_path/Frameworks",
				);
				MARKETING_VERSION = 1.0;
				PRODUCT_BUNDLE_IDENTIFIER = Denisyuk.FoodOrderingShop;
				PRODUCT_NAME = "$(TARGET_NAME)";
				SWIFT_EMIT_LOC_STRINGS = YES;
				SWIFT_VERSION = 5.0;
				TARGETED_DEVICE_FAMILY = "1,2";
			};
			name = Debug;
		};
		E4C3152C2A51699E007949FE /* Release */ = {
			isa = XCBuildConfiguration;
			baseConfigurationReference = 227C974E221ED2776D44764A /* Pods-FoodOrderingShop.release.xcconfig */;
			buildSettings = {
				ASSETCATALOG_COMPILER_APPICON_NAME = AppIcon;
				ASSETCATALOG_COMPILER_GLOBAL_ACCENT_COLOR_NAME = AccentColor;
				CODE_SIGN_STYLE = Automatic;
				CURRENT_PROJECT_VERSION = 1;
				DEVELOPMENT_TEAM = MV29L5KM63;
				GENERATE_INFOPLIST_FILE = YES;
				INFOPLIST_FILE = FoodOrderingShop/Application/Info.plist;
				INFOPLIST_KEY_UIApplicationSupportsIndirectInputEvents = YES;
				INFOPLIST_KEY_UILaunchStoryboardName = LaunchScreen;
				INFOPLIST_KEY_UISupportedInterfaceOrientations = UIInterfaceOrientationPortrait;
				IPHONEOS_DEPLOYMENT_TARGET = 15.0;
				LD_RUNPATH_SEARCH_PATHS = (
					"$(inherited)",
					"@executable_path/Frameworks",
				);
				MARKETING_VERSION = 1.0;
				PRODUCT_BUNDLE_IDENTIFIER = Denisyuk.FoodOrderingShop;
				PRODUCT_NAME = "$(TARGET_NAME)";
				SWIFT_EMIT_LOC_STRINGS = YES;
				SWIFT_VERSION = 5.0;
				TARGETED_DEVICE_FAMILY = "1,2";
			};
			name = Release;
		};
/* End XCBuildConfiguration section */

/* Begin XCConfigurationList section */
		E4C315112A51699D007949FE /* Build configuration list for PBXProject "FoodOrderingShop" */ = {
			isa = XCConfigurationList;
			buildConfigurations = (
				E4C315282A51699E007949FE /* Debug */,
				E4C315292A51699E007949FE /* Release */,
			);
			defaultConfigurationIsVisible = 0;
			defaultConfigurationName = Release;
		};
		E4C3152A2A51699E007949FE /* Build configuration list for PBXNativeTarget "FoodOrderingShop" */ = {
			isa = XCConfigurationList;
			buildConfigurations = (
				E4C3152B2A51699E007949FE /* Debug */,
				E4C3152C2A51699E007949FE /* Release */,
			);
			defaultConfigurationIsVisible = 0;
			defaultConfigurationName = Release;
		};
/* End XCConfigurationList section */
	};
	rootObject = E4C3150E2A51699D007949FE /* Project object */;
}
