// !$*UTF8*$!
{
	archiveVersion = 1;
	classes = {
	};
	objectVersion = 56;
	objects = {

/* Begin PBXBuildFile section */
		CF50286B4D10C23F2AB1E336 /* Pods_FoodOrderingShop.framework in Frameworks */ = {isa = PBXBuildFile; fileRef = 79B0E5725C8FCFBD88152CE4 /* Pods_FoodOrderingShop.framework */; };
		E4C3151A2A51699D007949FE /* AppDelegate.swift in Sources */ = {isa = PBXBuildFile; fileRef = E4C315192A51699D007949FE /* AppDelegate.swift */; };
		E4C3151C2A51699D007949FE /* SceneDelegate.swift in Sources */ = {isa = PBXBuildFile; fileRef = E4C3151B2A51699D007949FE /* SceneDelegate.swift */; };
		E4C3151E2A51699D007949FE /* MainViewController.swift in Sources */ = {isa = PBXBuildFile; fileRef = E4C3151D2A51699D007949FE /* MainViewController.swift */; };
		E4C315232A51699E007949FE /* Assets.xcassets in Resources */ = {isa = PBXBuildFile; fileRef = E4C315222A51699E007949FE /* Assets.xcassets */; };
		E4C315262A51699E007949FE /* LaunchScreen.storyboard in Resources */ = {isa = PBXBuildFile; fileRef = E4C315242A51699E007949FE /* LaunchScreen.storyboard */; };
/* End PBXBuildFile section */

/* Begin PBXFileReference section */
		08B794E130B6B2FFD6497053 /* Pods-FoodOrderingShop.debug.xcconfig */ = {isa = PBXFileReference; includeInIndex = 1; lastKnownFileType = text.xcconfig; name = "Pods-FoodOrderingShop.debug.xcconfig"; path = "Target Support Files/Pods-FoodOrderingShop/Pods-FoodOrderingShop.debug.xcconfig"; sourceTree = "<group>"; };
		341AF9E98D1307841B40B5A4 /* Pods-FoodOrderingShop.release.xcconfig */ = {isa = PBXFileReference; includeInIndex = 1; lastKnownFileType = text.xcconfig; name = "Pods-FoodOrderingShop.release.xcconfig"; path = "Target Support Files/Pods-FoodOrderingShop/Pods-FoodOrderingShop.release.xcconfig"; sourceTree = "<group>"; };
		79B0E5725C8FCFBD88152CE4 /* Pods_FoodOrderingShop.framework */ = {isa = PBXFileReference; explicitFileType = wrapper.framework; includeInIndex = 0; path = Pods_FoodOrderingShop.framework; sourceTree = BUILT_PRODUCTS_DIR; };
		E4C315162A51699D007949FE /* FoodOrderingShop.app */ = {isa = PBXFileReference; explicitFileType = wrapper.application; includeInIndex = 0; path = FoodOrderingShop.app; sourceTree = BUILT_PRODUCTS_DIR; };
		E4C315192A51699D007949FE /* AppDelegate.swift */ = {isa = PBXFileReference; lastKnownFileType = sourcecode.swift; path = AppDelegate.swift; sourceTree = "<group>"; };
		E4C3151B2A51699D007949FE /* SceneDelegate.swift */ = {isa = PBXFileReference; lastKnownFileType = sourcecode.swift; path = SceneDelegate.swift; sourceTree = "<group>"; };
		E4C3151D2A51699D007949FE /* MainViewController.swift */ = {isa = PBXFileReference; lastKnownFileType = sourcecode.swift; path = MainViewController.swift; sourceTree = "<group>"; };
		E4C315222A51699E007949FE /* Assets.xcassets */ = {isa = PBXFileReference; lastKnownFileType = folder.assetcatalog; path = Assets.xcassets; sourceTree = "<group>"; };
		E4C315252A51699E007949FE /* Base */ = {isa = PBXFileReference; lastKnownFileType = file.storyboard; name = Base; path = Base.lproj/LaunchScreen.storyboard; sourceTree = "<group>"; };
		E4C315272A51699E007949FE /* Info.plist */ = {isa = PBXFileReference; lastKnownFileType = text.plist.xml; path = Info.plist; sourceTree = "<group>"; };
/* End PBXFileReference section */

/* Begin PBXFrameworksBuildPhase section */
		E4C315132A51699D007949FE /* Frameworks */ = {
			isa = PBXFrameworksBuildPhase;
			buildActionMask = 2147483647;
			files = (
				CF50286B4D10C23F2AB1E336 /* Pods_FoodOrderingShop.framework in Frameworks */,
			);
			runOnlyForDeploymentPostprocessing = 0;
		};
/* End PBXFrameworksBuildPhase section */

/* Begin PBXGroup section */
		823F73F073702F17C0817A16 /* Frameworks */ = {
			isa = PBXGroup;
			children = (
				79B0E5725C8FCFBD88152CE4 /* Pods_FoodOrderingShop.framework */,
			);
			name = Frameworks;
			sourceTree = "<group>";
		};
		AB56694BF5BF554E48013133 /* Pods */ = {
			isa = PBXGroup;
			children = (
				08B794E130B6B2FFD6497053 /* Pods-FoodOrderingShop.debug.xcconfig */,
				341AF9E98D1307841B40B5A4 /* Pods-FoodOrderingShop.release.xcconfig */,
			);
			name = Pods;
			path = Pods;
			sourceTree = "<group>";
		};
		E4C3150D2A51699D007949FE = {
			isa = PBXGroup;
			children = (
				E4C315182A51699D007949FE /* FoodOrderingShop */,
				E4C315172A51699D007949FE /* Products */,
				AB56694BF5BF554E48013133 /* Pods */,
				823F73F073702F17C0817A16 /* Frameworks */,
			);
			sourceTree = "<group>";
		};
		E4C315172A51699D007949FE /* Products */ = {
			isa = PBXGroup;
			children = (
				E4C315162A51699D007949FE /* FoodOrderingShop.app */,
			);
			name = Products;
			sourceTree = "<group>";
		};
		E4C315182A51699D007949FE /* FoodOrderingShop */ = {
			isa = PBXGroup;
			children = (
				E4C3152D2A516B70007949FE /* Application */,
				E4C315402A516D66007949FE /* AssemblyLayer */,
				E4C3152E2A516B86007949FE /* PresentationLayer */,
				E4C315332A516C5F007949FE /* ServiceLayer */,
			);
			path = FoodOrderingShop;
			sourceTree = "<group>";
		};
		E4C3152D2A516B70007949FE /* Application */ = {
			isa = PBXGroup;
			children = (
				E4C315192A51699D007949FE /* AppDelegate.swift */,
				E4C3151B2A51699D007949FE /* SceneDelegate.swift */,
				E4C315422A516DC9007949FE /* Resources */,
				E4C315242A51699E007949FE /* LaunchScreen.storyboard */,
				E4C315272A51699E007949FE /* Info.plist */,
			);
			path = Application;
			sourceTree = "<group>";
		};
		E4C3152E2A516B86007949FE /* PresentationLayer */ = {
			isa = PBXGroup;
			children = (
				E4C3152F2A516BCB007949FE /* MainModule */,
				E4C315302A516BDD007949FE /* SearchModule */,
				E4C315322A516C35007949FE /* AccountModule */,
				E4C315312A516C14007949FE /* BacketModule */,
			);
			path = PresentationLayer;
			sourceTree = "<group>";
		};
		E4C3152F2A516BCB007949FE /* MainModule */ = {
			isa = PBXGroup;
			children = (
				E4C315362A516C7C007949FE /* Model */,
				E4C315342A516C6E007949FE /* View */,
				E4C315352A516C75007949FE /* Presenter */,
			);
			path = MainModule;
			sourceTree = "<group>";
		};
		E4C315302A516BDD007949FE /* SearchModule */ = {
			isa = PBXGroup;
			children = (
				E4C315382A516C8F007949FE /* Model */,
				E4C315392A516C8F007949FE /* View */,
				E4C315372A516C8F007949FE /* Presenter */,
			);
			path = SearchModule;
			sourceTree = "<group>";
		};
		E4C315312A516C14007949FE /* BacketModule */ = {
			isa = PBXGroup;
			children = (
				E4C3153F2A516C94007949FE /* Model */,
				E4C3153D2A516C94007949FE /* View */,
				E4C3153E2A516C94007949FE /* Presenter */,
			);
			path = BacketModule;
			sourceTree = "<group>";
		};
		E4C315322A516C35007949FE /* AccountModule */ = {
			isa = PBXGroup;
			children = (
				E4C3153C2A516C92007949FE /* View */,
				E4C315412A516DA7007949FE /* Presenter */,
			);
			path = AccountModule;
			sourceTree = "<group>";
		};
		E4C315332A516C5F007949FE /* ServiceLayer */ = {
			isa = PBXGroup;
			children = (
			);
			path = ServiceLayer;
			sourceTree = "<group>";
		};
		E4C315342A516C6E007949FE /* View */ = {
			isa = PBXGroup;
			children = (
				E4C3151D2A51699D007949FE /* MainViewController.swift */,
			);
			path = View;
			sourceTree = "<group>";
		};
		E4C315352A516C75007949FE /* Presenter */ = {
			isa = PBXGroup;
			children = (
			);
			path = Presenter;
			sourceTree = "<group>";
		};
		E4C315362A516C7C007949FE /* Model */ = {
			isa = PBXGroup;
			children = (
			);
			path = Model;
			sourceTree = "<group>";
		};
		E4C315372A516C8F007949FE /* Presenter */ = {
			isa = PBXGroup;
			children = (
			);
			path = Presenter;
			sourceTree = "<group>";
		};
		E4C315382A516C8F007949FE /* Model */ = {
			isa = PBXGroup;
			children = (
			);
			path = Model;
			sourceTree = "<group>";
		};
		E4C315392A516C8F007949FE /* View */ = {
			isa = PBXGroup;
			children = (
			);
			path = View;
			sourceTree = "<group>";
		};
		E4C3153C2A516C92007949FE /* View */ = {
			isa = PBXGroup;
			children = (
			);
			path = View;
			sourceTree = "<group>";
		};
		E4C3153D2A516C94007949FE /* View */ = {
			isa = PBXGroup;
			children = (
			);
			path = View;
			sourceTree = "<group>";
		};
		E4C3153E2A516C94007949FE /* Presenter */ = {
			isa = PBXGroup;
			children = (
			);
			path = Presenter;
			sourceTree = "<group>";
		};
		E4C3153F2A516C94007949FE /* Model */ = {
			isa = PBXGroup;
			children = (
			);
			path = Model;
			sourceTree = "<group>";
		};
		E4C315402A516D66007949FE /* AssemblyLayer */ = {
			isa = PBXGroup;
			children = (
			);
			path = AssemblyLayer;
			sourceTree = "<group>";
		};
		E4C315412A516DA7007949FE /* Presenter */ = {
			isa = PBXGroup;
			children = (
			);
			path = Presenter;
			sourceTree = "<group>";
		};
		E4C315422A516DC9007949FE /* Resources */ = {
			isa = PBXGroup;
			children = (
				E4C315222A51699E007949FE /* Assets.xcassets */,
			);
			path = Resources;
			sourceTree = "<group>";
		};
/* End PBXGroup section */

/* Begin PBXNativeTarget section */
		E4C315152A51699D007949FE /* FoodOrderingShop */ = {
			isa = PBXNativeTarget;
			buildConfigurationList = E4C3152A2A51699E007949FE /* Build configuration list for PBXNativeTarget "FoodOrderingShop" */;
			buildPhases = (
				2574F33AC05FDCE39A24AE94 /* [CP] Check Pods Manifest.lock */,
				E4C315122A51699D007949FE /* Sources */,
				E4C315132A51699D007949FE /* Frameworks */,
				E4C315142A51699D007949FE /* Resources */,
				A2E899E3D6C968776922D90B /* [CP] Embed Pods Frameworks */,
			);
			buildRules = (
			);
			dependencies = (
			);
			name = FoodOrderingShop;
			productName = FoodOrderingShop;
			productReference = E4C315162A51699D007949FE /* FoodOrderingShop.app */;
			productType = "com.apple.product-type.application";
		};
/* End PBXNativeTarget section */

/* Begin PBXProject section */
		E4C3150E2A51699D007949FE /* Project object */ = {
			isa = PBXProject;
			attributes = {
				BuildIndependentTargetsInParallel = 1;
				LastSwiftUpdateCheck = 1430;
				LastUpgradeCheck = 1430;
				TargetAttributes = {
					E4C315152A51699D007949FE = {
						CreatedOnToolsVersion = 14.3.1;
					};
				};
			};
			buildConfigurationList = E4C315112A51699D007949FE /* Build configuration list for PBXProject "FoodOrderingShop" */;
			compatibilityVersion = "Xcode 14.0";
			developmentRegion = en;
			hasScannedForEncodings = 0;
			knownRegions = (
				en,
				Base,
			);
			mainGroup = E4C3150D2A51699D007949FE;
			productRefGroup = E4C315172A51699D007949FE /* Products */;
			projectDirPath = "";
			projectRoot = "";
			targets = (
				E4C315152A51699D007949FE /* FoodOrderingShop */,
			);
		};
/* End PBXProject section */

/* Begin PBXResourcesBuildPhase section */
		E4C315142A51699D007949FE /* Resources */ = {
			isa = PBXResourcesBuildPhase;
			buildActionMask = 2147483647;
			files = (
				E4C315262A51699E007949FE /* LaunchScreen.storyboard in Resources */,
				E4C315232A51699E007949FE /* Assets.xcassets in Resources */,
			);
			runOnlyForDeploymentPostprocessing = 0;
		};
/* End PBXResourcesBuildPhase section */

/* Begin PBXShellScriptBuildPhase section */
		2574F33AC05FDCE39A24AE94 /* [CP] Check Pods Manifest.lock */ = {
			isa = PBXShellScriptBuildPhase;
			buildActionMask = 2147483647;
			files = (
			);
			inputFileListPaths = (
			);
			inputPaths = (
				"${PODS_PODFILE_DIR_PATH}/Podfile.lock",
				"${PODS_ROOT}/Manifest.lock",
			);
			name = "[CP] Check Pods Manifest.lock";
			outputFileListPaths = (
			);
			outputPaths = (
				"$(DERIVED_FILE_DIR)/Pods-FoodOrderingShop-checkManifestLockResult.txt",
			);
			runOnlyForDeploymentPostprocessing = 0;
			shellPath = /bin/sh;
			shellScript = "diff \"${PODS_PODFILE_DIR_PATH}/Podfile.lock\" \"${PODS_ROOT}/Manifest.lock\" > /dev/null\nif [ $? != 0 ] ; then\n    # print error to STDERR\n    echo \"error: The sandbox is not in sync with the Podfile.lock. Run 'pod install' or update your CocoaPods installation.\" >&2\n    exit 1\nfi\n# This output is used by Xcode 'outputs' to avoid re-running this script phase.\necho \"SUCCESS\" > \"${SCRIPT_OUTPUT_FILE_0}\"\n";
			showEnvVarsInLog = 0;
		};
		A2E899E3D6C968776922D90B /* [CP] Embed Pods Frameworks */ = {
			isa = PBXShellScriptBuildPhase;
			buildActionMask = 2147483647;
			files = (
			);
			inputFileListPaths = (
				"${PODS_ROOT}/Target Support Files/Pods-FoodOrderingShop/Pods-FoodOrderingShop-frameworks-${CONFIGURATION}-input-files.xcfilelist",
			);
			name = "[CP] Embed Pods Frameworks";
			outputFileListPaths = (
				"${PODS_ROOT}/Target Support Files/Pods-FoodOrderingShop/Pods-FoodOrderingShop-frameworks-${CONFIGURATION}-output-files.xcfilelist",
			);
			runOnlyForDeploymentPostprocessing = 0;
			shellPath = /bin/sh;
			shellScript = "\"${PODS_ROOT}/Target Support Files/Pods-FoodOrderingShop/Pods-FoodOrderingShop-frameworks.sh\"\n";
			showEnvVarsInLog = 0;
		};
/* End PBXShellScriptBuildPhase section */

/* Begin PBXSourcesBuildPhase section */
		E4C315122A51699D007949FE /* Sources */ = {
			isa = PBXSourcesBuildPhase;
			buildActionMask = 2147483647;
			files = (
				E4C3151E2A51699D007949FE /* MainViewController.swift in Sources */,
				E4C3151A2A51699D007949FE /* AppDelegate.swift in Sources */,
				E4C3151C2A51699D007949FE /* SceneDelegate.swift in Sources */,
			);
			runOnlyForDeploymentPostprocessing = 0;
		};
/* End PBXSourcesBuildPhase section */

/* Begin PBXVariantGroup section */
		E4C315242A51699E007949FE /* LaunchScreen.storyboard */ = {
			isa = PBXVariantGroup;
			children = (
				E4C315252A51699E007949FE /* Base */,
			);
			name = LaunchScreen.storyboard;
			sourceTree = "<group>";
		};
/* End PBXVariantGroup section */

/* Begin XCBuildConfiguration section */
		E4C315282A51699E007949FE /* Debug */ = {
			isa = XCBuildConfiguration;
			buildSettings = {
				ALWAYS_SEARCH_USER_PATHS = NO;
				CLANG_ANALYZER_NONNULL = YES;
				CLANG_ANALYZER_NUMBER_OBJECT_CONVERSION = YES_AGGRESSIVE;
				CLANG_CXX_LANGUAGE_STANDARD = "gnu++20";
				CLANG_ENABLE_MODULES = YES;
				CLANG_ENABLE_OBJC_ARC = YES;
				CLANG_ENABLE_OBJC_WEAK = YES;
				CLANG_WARN_BLOCK_CAPTURE_AUTORELEASING = YES;
				CLANG_WARN_BOOL_CONVERSION = YES;
				CLANG_WARN_COMMA = YES;
				CLANG_WARN_CONSTANT_CONVERSION = YES;
				CLANG_WARN_DEPRECATED_OBJC_IMPLEMENTATIONS = YES;
				CLANG_WARN_DIRECT_OBJC_ISA_USAGE = YES_ERROR;
				CLANG_WARN_DOCUMENTATION_COMMENTS = YES;
				CLANG_WARN_EMPTY_BODY = YES;
				CLANG_WARN_ENUM_CONVERSION = YES;
				CLANG_WARN_INFINITE_RECURSION = YES;
				CLANG_WARN_INT_CONVERSION = YES;
				CLANG_WARN_NON_LITERAL_NULL_CONVERSION = YES;
				CLANG_WARN_OBJC_IMPLICIT_RETAIN_SELF = YES;
				CLANG_WARN_OBJC_LITERAL_CONVERSION = YES;
				CLANG_WARN_OBJC_ROOT_CLASS = YES_ERROR;
				CLANG_WARN_QUOTED_INCLUDE_IN_FRAMEWORK_HEADER = YES;
				CLANG_WARN_RANGE_LOOP_ANALYSIS = YES;
				CLANG_WARN_STRICT_PROTOTYPES = YES;
				CLANG_WARN_SUSPICIOUS_MOVE = YES;
				CLANG_WARN_UNGUARDED_AVAILABILITY = YES_AGGRESSIVE;
				CLANG_WARN_UNREACHABLE_CODE = YES;
				CLANG_WARN__DUPLICATE_METHOD_MATCH = YES;
				COPY_PHASE_STRIP = NO;
				DEBUG_INFORMATION_FORMAT = dwarf;
				ENABLE_STRICT_OBJC_MSGSEND = YES;
				ENABLE_TESTABILITY = YES;
				GCC_C_LANGUAGE_STANDARD = gnu11;
				GCC_DYNAMIC_NO_PIC = NO;
				GCC_NO_COMMON_BLOCKS = YES;
				GCC_OPTIMIZATION_LEVEL = 0;
				GCC_PREPROCESSOR_DEFINITIONS = (
					"DEBUG=1",
					"$(inherited)",
				);
				GCC_WARN_64_TO_32_BIT_CONVERSION = YES;
				GCC_WARN_ABOUT_RETURN_TYPE = YES_ERROR;
				GCC_WARN_UNDECLARED_SELECTOR = YES;
				GCC_WARN_UNINITIALIZED_AUTOS = YES_AGGRESSIVE;
				GCC_WARN_UNUSED_FUNCTION = YES;
				GCC_WARN_UNUSED_VARIABLE = YES;
				IPHONEOS_DEPLOYMENT_TARGET = 16.4;
				MTL_ENABLE_DEBUG_INFO = INCLUDE_SOURCE;
				MTL_FAST_MATH = YES;
				ONLY_ACTIVE_ARCH = YES;
				SDKROOT = iphoneos;
				SWIFT_ACTIVE_COMPILATION_CONDITIONS = DEBUG;
				SWIFT_OPTIMIZATION_LEVEL = "-Onone";
			};
			name = Debug;
		};
		E4C315292A51699E007949FE /* Release */ = {
			isa = XCBuildConfiguration;
			buildSettings = {
				ALWAYS_SEARCH_USER_PATHS = NO;
				CLANG_ANALYZER_NONNULL = YES;
				CLANG_ANALYZER_NUMBER_OBJECT_CONVERSION = YES_AGGRESSIVE;
				CLANG_CXX_LANGUAGE_STANDARD = "gnu++20";
				CLANG_ENABLE_MODULES = YES;
				CLANG_ENABLE_OBJC_ARC = YES;
				CLANG_ENABLE_OBJC_WEAK = YES;
				CLANG_WARN_BLOCK_CAPTURE_AUTORELEASING = YES;
				CLANG_WARN_BOOL_CONVERSION = YES;
				CLANG_WARN_COMMA = YES;
				CLANG_WARN_CONSTANT_CONVERSION = YES;
				CLANG_WARN_DEPRECATED_OBJC_IMPLEMENTATIONS = YES;
				CLANG_WARN_DIRECT_OBJC_ISA_USAGE = YES_ERROR;
				CLANG_WARN_DOCUMENTATION_COMMENTS = YES;
				CLANG_WARN_EMPTY_BODY = YES;
				CLANG_WARN_ENUM_CONVERSION = YES;
				CLANG_WARN_INFINITE_RECURSION = YES;
				CLANG_WARN_INT_CONVERSION = YES;
				CLANG_WARN_NON_LITERAL_NULL_CONVERSION = YES;
				CLANG_WARN_OBJC_IMPLICIT_RETAIN_SELF = YES;
				CLANG_WARN_OBJC_LITERAL_CONVERSION = YES;
				CLANG_WARN_OBJC_ROOT_CLASS = YES_ERROR;
				CLANG_WARN_QUOTED_INCLUDE_IN_FRAMEWORK_HEADER = YES;
				CLANG_WARN_RANGE_LOOP_ANALYSIS = YES;
				CLANG_WARN_STRICT_PROTOTYPES = YES;
				CLANG_WARN_SUSPICIOUS_MOVE = YES;
				CLANG_WARN_UNGUARDED_AVAILABILITY = YES_AGGRESSIVE;
				CLANG_WARN_UNREACHABLE_CODE = YES;
				CLANG_WARN__DUPLICATE_METHOD_MATCH = YES;
				COPY_PHASE_STRIP = NO;
				DEBUG_INFORMATION_FORMAT = "dwarf-with-dsym";
				ENABLE_NS_ASSERTIONS = NO;
				ENABLE_STRICT_OBJC_MSGSEND = YES;
				GCC_C_LANGUAGE_STANDARD = gnu11;
				GCC_NO_COMMON_BLOCKS = YES;
				GCC_WARN_64_TO_32_BIT_CONVERSION = YES;
				GCC_WARN_ABOUT_RETURN_TYPE = YES_ERROR;
				GCC_WARN_UNDECLARED_SELECTOR = YES;
				GCC_WARN_UNINITIALIZED_AUTOS = YES_AGGRESSIVE;
				GCC_WARN_UNUSED_FUNCTION = YES;
				GCC_WARN_UNUSED_VARIABLE = YES;
				IPHONEOS_DEPLOYMENT_TARGET = 16.4;
				MTL_ENABLE_DEBUG_INFO = NO;
				MTL_FAST_MATH = YES;
				SDKROOT = iphoneos;
				SWIFT_COMPILATION_MODE = wholemodule;
				SWIFT_OPTIMIZATION_LEVEL = "-O";
				VALIDATE_PRODUCT = YES;
			};
			name = Release;
		};
		E4C3152B2A51699E007949FE /* Debug */ = {
			isa = XCBuildConfiguration;
			baseConfigurationReference = 08B794E130B6B2FFD6497053 /* Pods-FoodOrderingShop.debug.xcconfig */;
			buildSettings = {
				ASSETCATALOG_COMPILER_APPICON_NAME = AppIcon;
				ASSETCATALOG_COMPILER_GLOBAL_ACCENT_COLOR_NAME = AccentColor;
				CODE_SIGN_STYLE = Automatic;
				CURRENT_PROJECT_VERSION = 1;
				DEVELOPMENT_TEAM = MV29L5KM63;
				GENERATE_INFOPLIST_FILE = YES;
				INFOPLIST_FILE = FoodOrderingShop/Application/Info.plist;
				INFOPLIST_KEY_UIApplicationSupportsIndirectInputEvents = YES;
				INFOPLIST_KEY_UILaunchStoryboardName = LaunchScreen;
				INFOPLIST_KEY_UISupportedInterfaceOrientations = UIInterfaceOrientationPortrait;
				IPHONEOS_DEPLOYMENT_TARGET = 15.0;
				LD_RUNPATH_SEARCH_PATHS = (
					"$(inherited)",
					"@executable_path/Frameworks",
				);
				MARKETING_VERSION = 1.0;
				PRODUCT_BUNDLE_IDENTIFIER = Denisyuk.FoodOrderingShop;
				PRODUCT_NAME = "$(TARGET_NAME)";
				SWIFT_EMIT_LOC_STRINGS = YES;
				SWIFT_VERSION = 5.0;
				TARGETED_DEVICE_FAMILY = "1,2";
			};
			name = Debug;
		};
		E4C3152C2A51699E007949FE /* Release */ = {
			isa = XCBuildConfiguration;
			baseConfigurationReference = 341AF9E98D1307841B40B5A4 /* Pods-FoodOrderingShop.release.xcconfig */;
			buildSettings = {
				ASSETCATALOG_COMPILER_APPICON_NAME = AppIcon;
				ASSETCATALOG_COMPILER_GLOBAL_ACCENT_COLOR_NAME = AccentColor;
				CODE_SIGN_STYLE = Automatic;
				CURRENT_PROJECT_VERSION = 1;
				DEVELOPMENT_TEAM = MV29L5KM63;
				GENERATE_INFOPLIST_FILE = YES;
				INFOPLIST_FILE = FoodOrderingShop/Application/Info.plist;
				INFOPLIST_KEY_UIApplicationSupportsIndirectInputEvents = YES;
				INFOPLIST_KEY_UILaunchStoryboardName = LaunchScreen;
				INFOPLIST_KEY_UISupportedInterfaceOrientations = UIInterfaceOrientationPortrait;
				IPHONEOS_DEPLOYMENT_TARGET = 15.0;
				LD_RUNPATH_SEARCH_PATHS = (
					"$(inherited)",
					"@executable_path/Frameworks",
				);
				MARKETING_VERSION = 1.0;
				PRODUCT_BUNDLE_IDENTIFIER = Denisyuk.FoodOrderingShop;
				PRODUCT_NAME = "$(TARGET_NAME)";
				SWIFT_EMIT_LOC_STRINGS = YES;
				SWIFT_VERSION = 5.0;
				TARGETED_DEVICE_FAMILY = "1,2";
			};
			name = Release;
		};
/* End XCBuildConfiguration section */

/* Begin XCConfigurationList section */
		E4C315112A51699D007949FE /* Build configuration list for PBXProject "FoodOrderingShop" */ = {
			isa = XCConfigurationList;
			buildConfigurations = (
				E4C315282A51699E007949FE /* Debug */,
				E4C315292A51699E007949FE /* Release */,
			);
			defaultConfigurationIsVisible = 0;
			defaultConfigurationName = Release;
		};
		E4C3152A2A51699E007949FE /* Build configuration list for PBXNativeTarget "FoodOrderingShop" */ = {
			isa = XCConfigurationList;
			buildConfigurations = (
				E4C3152B2A51699E007949FE /* Debug */,
				E4C3152C2A51699E007949FE /* Release */,
			);
			defaultConfigurationIsVisible = 0;
			defaultConfigurationName = Release;
		};
/* End XCConfigurationList section */
	};
	rootObject = E4C3150E2A51699D007949FE /* Project object */;
}
